{
    "_meta": {
        "hash": {
            "sha256": "6b4ab29e1c720aad49bea6b36d9dde50879cc93330c98d0c5bb1ab578a496a62"
        },
        "pipfile-spec": 6,
        "requires": {
            "python_version": "3.7"
        },
        "sources": [
            {
                "name": "pypi",
                "url": "https://pypi.org/simple",
                "verify_ssl": true
            }
        ]
    },
    "default": {
        "python-vlc": {
            "hashes": [
                "sha256:566f2f7c303f6800851cacc016df1c6eeec094ad63e0a49d87db9d698094f1fb",
                "sha256:f88be06c6f819a4db2de1c586b193b5df1410ff10fca33b8c6f4e56037c46f7b"
            ],
            "index": "pypi",
            "version": "==3.0.12118"
        },
        "rpi.gpio": {
            "hashes": [
                "sha256:7424bc6c205466764f30f666c18187a0824077daf20b295c42f08aea2cb87d3f"
            ],
            "index": "pypi",
            "version": "==0.7.0"
        }
    },
    "develop": {}
}
